
Microsoft Visual Studio Solution File, Format Version 12.00
# Visual Studio Version 17
VisualStudioVersion = 17.7.34031.279
MinimumVisualStudioVersion = 10.0.40219.1
Project("{9A19103F-16F7-4668-BE54-9A1E7A4F7556}") = "PBAPI", "PBAPI\PBAPI.csproj", "{6705AD13-AF9D-4E2C-828F-E8E5D0794A54}"
EndProject
Project("{9A19103F-16F7-4668-BE54-9A1E7A4F7556}") = "DB", "DB\DB.csproj", "{36875D68-D783-4B44-8F20-459A08862A31}"
EndProject
Project("{9A19103F-16F7-4668-BE54-9A1E7A4F7556}") = "BusinessLogic", "BusinessLogic\BusinessLogic.csproj", "{A3D968D7-1A24-4450-861B-59FE7A113DD2}"
EndProject
Project("{FAE04EC0-301F-11D3-BF4B-00C04F79EFBC}") = "PresentationAPI", "PresentationAPI\PresentationAPI.csproj", "{22A6649D-9077-4E91-A7BC-5256F9F177DE}"
EndProject
Global
	GlobalSection(SolutionConfigurationPlatforms) = preSolution
		Debug|Any CPU = Debug|Any CPU
		Release|Any CPU = Release|Any CPU
	EndGlobalSection
	GlobalSection(ProjectConfigurationPlatforms) = postSolution
		{6705AD13-AF9D-4E2C-828F-E8E5D0794A54}.Debug|Any CPU.ActiveCfg = Debug|Any CPU
		{6705AD13-AF9D-4E2C-828F-E8E5D0794A54}.Debug|Any CPU.Build.0 = Debug|Any CPU
		{6705AD13-AF9D-4E2C-828F-E8E5D0794A54}.Release|Any CPU.ActiveCfg = Release|Any CPU
		{6705AD13-AF9D-4E2C-828F-E8E5D0794A54}.Release|Any CPU.Build.0 = Release|Any CPU
		{36875D68-D783-4B44-8F20-459A08862A31}.Debug|Any CPU.ActiveCfg = Debug|Any CPU
		{36875D68-D783-4B44-8F20-459A08862A31}.Debug|Any CPU.Build.0 = Debug|Any CPU
		{36875D68-D783-4B44-8F20-459A08862A31}.Release|Any CPU.ActiveCfg = Release|Any CPU
		{36875D68-D783-4B44-8F20-459A08862A31}.Release|Any CPU.Build.0 = Release|Any CPU
		{A3D968D7-1A24-4450-861B-59FE7A113DD2}.Debug|Any CPU.ActiveCfg = Debug|Any CPU
		{A3D968D7-1A24-4450-861B-59FE7A113DD2}.Debug|Any CPU.Build.0 = Debug|Any CPU
		{A3D968D7-1A24-4450-861B-59FE7A113DD2}.Release|Any CPU.ActiveCfg = Release|Any CPU
		{A3D968D7-1A24-4450-861B-59FE7A113DD2}.Release|Any CPU.Build.0 = Release|Any CPU
		{22A6649D-9077-4E91-A7BC-5256F9F177DE}.Debug|Any CPU.ActiveCfg = Debug|Any CPU
		{22A6649D-9077-4E91-A7BC-5256F9F177DE}.Debug|Any CPU.Build.0 = Debug|Any CPU
		{22A6649D-9077-4E91-A7BC-5256F9F177DE}.Release|Any CPU.ActiveCfg = Release|Any CPU
		{22A6649D-9077-4E91-A7BC-5256F9F177DE}.Release|Any CPU.Build.0 = Release|Any CPU
	EndGlobalSection
	GlobalSection(SolutionProperties) = preSolution
		HideSolutionNode = FALSE
	EndGlobalSection
	GlobalSection(ExtensibilityGlobals) = postSolution
		SolutionGuid = {64A28866-097A-41AD-BF0A-50885381699C}
	EndGlobalSection
EndGlobal
